
Microsoft Visual Studio Solution File, Format Version 12.00
# Visual Studio 15
Project("{FAE04EC0-301F-11D3-BF4B-00C04F79EFBC}") = "Assembly-CSharp", "Assembly-CSharp.csproj", "{84C1427A-1F9D-C757-0FE8-E449E58418CF}"
EndProject
Project("{FAE04EC0-301F-11D3-BF4B-00C04F79EFBC}") = "Assembly-CSharp-firstpass", "Assembly-CSharp-firstpass.csproj", "{5CA6B0AB-A40A-C459-026D-E5A964923220}"
EndProject
Project("{FAE04EC0-301F-11D3-BF4B-00C04F79EFBC}") = "Assembly-CSharp-Editor", "Assembly-CSharp-Editor.csproj", "{992D47EF-65F2-9908-2670-5A877536C8C0}"
EndProject
Project("{FAE04EC0-301F-11D3-BF4B-00C04F79EFBC}") = "Assembly-CSharp-Editor-firstpass", "Assembly-CSharp-Editor-firstpass.csproj", "{7A91CC98-4FD1-E677-F703-B5411BB809A0}"
EndProject
Global
	GlobalSection(SolutionConfigurationPlatforms) = preSolution
		Debug|Any CPU = Debug|Any CPU
		Release|Any CPU = Release|Any CPU
	EndGlobalSection
	GlobalSection(ProjectConfigurationPlatforms) = postSolution
		{84C1427A-1F9D-C757-0FE8-E449E58418CF}.Debug|Any CPU.ActiveCfg = Debug|Any CPU
		{84C1427A-1F9D-C757-0FE8-E449E58418CF}.Debug|Any CPU.Build.0 = Debug|Any CPU
		{84C1427A-1F9D-C757-0FE8-E449E58418CF}.Release|Any CPU.ActiveCfg = Release|Any CPU
		{84C1427A-1F9D-C757-0FE8-E449E58418CF}.Release|Any CPU.Build.0 = Release|Any CPU
		{5CA6B0AB-A40A-C459-026D-E5A964923220}.Debug|Any CPU.ActiveCfg = Debug|Any CPU
		{5CA6B0AB-A40A-C459-026D-E5A964923220}.Debug|Any CPU.Build.0 = Debug|Any CPU
		{5CA6B0AB-A40A-C459-026D-E5A964923220}.Release|Any CPU.ActiveCfg = Release|Any CPU
		{5CA6B0AB-A40A-C459-026D-E5A964923220}.Release|Any CPU.Build.0 = Release|Any CPU
		{992D47EF-65F2-9908-2670-5A877536C8C0}.Debug|Any CPU.ActiveCfg = Debug|Any CPU
		{992D47EF-65F2-9908-2670-5A877536C8C0}.Debug|Any CPU.Build.0 = Debug|Any CPU
		{992D47EF-65F2-9908-2670-5A877536C8C0}.Release|Any CPU.ActiveCfg = Release|Any CPU
		{992D47EF-65F2-9908-2670-5A877536C8C0}.Release|Any CPU.Build.0 = Release|Any CPU
		{7A91CC98-4FD1-E677-F703-B5411BB809A0}.Debug|Any CPU.ActiveCfg = Debug|Any CPU
		{7A91CC98-4FD1-E677-F703-B5411BB809A0}.Debug|Any CPU.Build.0 = Debug|Any CPU
		{7A91CC98-4FD1-E677-F703-B5411BB809A0}.Release|Any CPU.ActiveCfg = Release|Any CPU
		{7A91CC98-4FD1-E677-F703-B5411BB809A0}.Release|Any CPU.Build.0 = Release|Any CPU
	EndGlobalSection
	GlobalSection(SolutionProperties) = preSolution
		HideSolutionNode = FALSE
	EndGlobalSection
EndGlobal
